
Microsoft Visual Studio Solution File, Format Version 12.00
# Visual Studio Version 17
VisualStudioVersion = 17.0.31903.59
MinimumVisualStudioVersion = 10.0.40219.1
Project("{FAE04EC0-301F-11D3-BF4B-00C04F79EFBC}") = "IndexAsCode.Generator", "IndexAsCode.Generator\IndexAsCode.Generator.csproj", "{633D66D2-3364-42FD-9475-6BA0C42A7F8F}"
EndProject
Project("{FAE04EC0-301F-11D3-BF4B-00C04F79EFBC}") = "IndexAsCode.Sample", "IndexAsCode.Sample\IndexAsCode.Sample.csproj", "{9756834A-F906-478D-B6E7-7BF29573FF76}"
EndProject
Project("{FAE04EC0-301F-11D3-BF4B-00C04F79EFBC}") = "IndexAsCode.Tools", "IndexAsCode.Tools\IndexAsCode.Tools.csproj", "{369BDA6C-DAA1-4F26-8F75-4601EC822A31}"
EndProject
Project("{FAE04EC0-301F-11D3-BF4B-00C04F79EFBC}") = "IndexAsCode.Tools.Tests", "IndexAsCode.Tools.Tests\IndexAsCode.Tools.Tests.csproj", "{DD690FFF-BDBC-4D98-9785-A09A7CE2A68A}"
EndProject
Global
	GlobalSection(SolutionConfigurationPlatforms) = preSolution
		Debug|Any CPU = Debug|Any CPU
		Release|Any CPU = Release|Any CPU
	EndGlobalSection
	GlobalSection(SolutionProperties) = preSolution
		HideSolutionNode = FALSE
	EndGlobalSection
	GlobalSection(ProjectConfigurationPlatforms) = postSolution
		{633D66D2-3364-42FD-9475-6BA0C42A7F8F}.Debug|Any CPU.ActiveCfg = Debug|Any CPU
		{633D66D2-3364-42FD-9475-6BA0C42A7F8F}.Debug|Any CPU.Build.0 = Debug|Any CPU
		{633D66D2-3364-42FD-9475-6BA0C42A7F8F}.Release|Any CPU.ActiveCfg = Release|Any CPU
		{633D66D2-3364-42FD-9475-6BA0C42A7F8F}.Release|Any CPU.Build.0 = Release|Any CPU
		{9756834A-F906-478D-B6E7-7BF29573FF76}.Debug|Any CPU.ActiveCfg = Debug|Any CPU
		{9756834A-F906-478D-B6E7-7BF29573FF76}.Debug|Any CPU.Build.0 = Debug|Any CPU
		{9756834A-F906-478D-B6E7-7BF29573FF76}.Release|Any CPU.ActiveCfg = Release|Any CPU
		{9756834A-F906-478D-B6E7-7BF29573FF76}.Release|Any CPU.Build.0 = Release|Any CPU
		{369BDA6C-DAA1-4F26-8F75-4601EC822A31}.Debug|Any CPU.ActiveCfg = Debug|Any CPU
		{369BDA6C-DAA1-4F26-8F75-4601EC822A31}.Debug|Any CPU.Build.0 = Debug|Any CPU
		{369BDA6C-DAA1-4F26-8F75-4601EC822A31}.Release|Any CPU.ActiveCfg = Release|Any CPU
		{369BDA6C-DAA1-4F26-8F75-4601EC822A31}.Release|Any CPU.Build.0 = Release|Any CPU
		{DD690FFF-BDBC-4D98-9785-A09A7CE2A68A}.Debug|Any CPU.ActiveCfg = Debug|Any CPU
		{DD690FFF-BDBC-4D98-9785-A09A7CE2A68A}.Debug|Any CPU.Build.0 = Debug|Any CPU
		{DD690FFF-BDBC-4D98-9785-A09A7CE2A68A}.Release|Any CPU.ActiveCfg = Release|Any CPU
		{DD690FFF-BDBC-4D98-9785-A09A7CE2A68A}.Release|Any CPU.Build.0 = Release|Any CPU
	EndGlobalSection
EndGlobal
